// !$*UTF8*$!
{
	archiveVersion = 1;
	classes = {
	};
	objectVersion = 46;
	objects = {

/* Begin PBXBuildFile section */
		85164E7E0478C2C8EEE4B11C /* Pods_parties_map.framework in Frameworks */ = {isa = PBXBuildFile; fileRef = 0CFCA718BAFC93D96EDBF103 /* Pods_parties_map.framework */; };
		9A5049141F12D4A8006D9C75 /* AppDelegate.swift in Sources */ = {isa = PBXBuildFile; fileRef = 9A5049131F12D4A8006D9C75 /* AppDelegate.swift */; };
		9A5049161F12D4A8006D9C75 /* ViewController.swift in Sources */ = {isa = PBXBuildFile; fileRef = 9A5049151F12D4A8006D9C75 /* ViewController.swift */; };
		9A5049191F12D4A8006D9C75 /* Main.storyboard in Resources */ = {isa = PBXBuildFile; fileRef = 9A5049171F12D4A8006D9C75 /* Main.storyboard */; };
		9A50491B1F12D4A8006D9C75 /* Assets.xcassets in Resources */ = {isa = PBXBuildFile; fileRef = 9A50491A1F12D4A8006D9C75 /* Assets.xcassets */; };
		9A50491E1F12D4A8006D9C75 /* LaunchScreen.storyboard in Resources */ = {isa = PBXBuildFile; fileRef = 9A50491C1F12D4A8006D9C75 /* LaunchScreen.storyboard */; };
		9ABA5F091F17B26A00DA500E /* DataStore.swift in Sources */ = {isa = PBXBuildFile; fileRef = 9ABA5F081F17B26A00DA500E /* DataStore.swift */; };
/* End PBXBuildFile section */

/* Begin PBXFileReference section */
		0CFCA718BAFC93D96EDBF103 /* Pods_parties_map.framework */ = {isa = PBXFileReference; explicitFileType = wrapper.framework; includeInIndex = 0; path = Pods_parties_map.framework; sourceTree = BUILT_PRODUCTS_DIR; };
		9A5049101F12D4A8006D9C75 /* parties-map.app */ = {isa = PBXFileReference; explicitFileType = wrapper.application; includeInIndex = 0; path = "parties-map.app"; sourceTree = BUILT_PRODUCTS_DIR; };
		9A5049131F12D4A8006D9C75 /* AppDelegate.swift */ = {isa = PBXFileReference; lastKnownFileType = sourcecode.swift; path = AppDelegate.swift; sourceTree = "<group>"; };
		9A5049151F12D4A8006D9C75 /* ViewController.swift */ = {isa = PBXFileReference; lastKnownFileType = sourcecode.swift; path = ViewController.swift; sourceTree = "<group>"; };
		9A5049181F12D4A8006D9C75 /* Base */ = {isa = PBXFileReference; lastKnownFileType = file.storyboard; name = Base; path = Base.lproj/Main.storyboard; sourceTree = "<group>"; };
		9A50491A1F12D4A8006D9C75 /* Assets.xcassets */ = {isa = PBXFileReference; lastKnownFileType = folder.assetcatalog; path = Assets.xcassets; sourceTree = "<group>"; };
		9A50491D1F12D4A8006D9C75 /* Base */ = {isa = PBXFileReference; lastKnownFileType = file.storyboard; name = Base; path = Base.lproj/LaunchScreen.storyboard; sourceTree = "<group>"; };
		9A50491F1F12D4A8006D9C75 /* Info.plist */ = {isa = PBXFileReference; lastKnownFileType = text.plist.xml; path = Info.plist; sourceTree = "<group>"; };
		9ABA5F081F17B26A00DA500E /* DataStore.swift */ = {isa = PBXFileReference; fileEncoding = 4; lastKnownFileType = sourcecode.swift; path = DataStore.swift; sourceTree = "<group>"; };
		A23854ACD1CA4C3C95AA1695 /* Pods-parties-map.debug.xcconfig */ = {isa = PBXFileReference; includeInIndex = 1; lastKnownFileType = text.xcconfig; name = "Pods-parties-map.debug.xcconfig"; path = "Pods/Target Support Files/Pods-parties-map/Pods-parties-map.debug.xcconfig"; sourceTree = "<group>"; };
		DC1C4512B79BF75853EC3CEB /* Pods-parties-map.release.xcconfig */ = {isa = PBXFileReference; includeInIndex = 1; lastKnownFileType = text.xcconfig; name = "Pods-parties-map.release.xcconfig"; path = "Pods/Target Support Files/Pods-parties-map/Pods-parties-map.release.xcconfig"; sourceTree = "<group>"; };
/* End PBXFileReference section */

/* Begin PBXFrameworksBuildPhase section */
		9A50490D1F12D4A8006D9C75 /* Frameworks */ = {
			isa = PBXFrameworksBuildPhase;
			buildActionMask = 2147483647;
			files = (
				85164E7E0478C2C8EEE4B11C /* Pods_parties_map.framework in Frameworks */,
			);
			runOnlyForDeploymentPostprocessing = 0;
		};
/* End PBXFrameworksBuildPhase section */

/* Begin PBXGroup section */
		2B16EC0DC0BC2FE6EAC5D66A /* Frameworks */ = {
			isa = PBXGroup;
			children = (
				0CFCA718BAFC93D96EDBF103 /* Pods_parties_map.framework */,
			);
			name = Frameworks;
			sourceTree = "<group>";
		};
		82D05FF4E484AF3D2956EA8B /* Pods */ = {
			isa = PBXGroup;
			children = (
				A23854ACD1CA4C3C95AA1695 /* Pods-parties-map.debug.xcconfig */,
				DC1C4512B79BF75853EC3CEB /* Pods-parties-map.release.xcconfig */,
			);
			name = Pods;
			sourceTree = "<group>";
		};
		9A5049071F12D4A8006D9C75 = {
			isa = PBXGroup;
			children = (
				9A5049121F12D4A8006D9C75 /* parties-map */,
				9A5049111F12D4A8006D9C75 /* Products */,
				82D05FF4E484AF3D2956EA8B /* Pods */,
				2B16EC0DC0BC2FE6EAC5D66A /* Frameworks */,
			);
			sourceTree = "<group>";
		};
		9A5049111F12D4A8006D9C75 /* Products */ = {
			isa = PBXGroup;
			children = (
				9A5049101F12D4A8006D9C75 /* parties-map.app */,
			);
			name = Products;
			sourceTree = "<group>";
		};
		9A5049121F12D4A8006D9C75 /* parties-map */ = {
			isa = PBXGroup;
			children = (
				9A5049131F12D4A8006D9C75 /* AppDelegate.swift */,
				9A5049151F12D4A8006D9C75 /* ViewController.swift */,
				9A5049171F12D4A8006D9C75 /* Main.storyboard */,
				9A50491A1F12D4A8006D9C75 /* Assets.xcassets */,
				9A50491C1F12D4A8006D9C75 /* LaunchScreen.storyboard */,
				9A50491F1F12D4A8006D9C75 /* Info.plist */,
				9ABA5F081F17B26A00DA500E /* DataStore.swift */,
			);
			path = "parties-map";
			sourceTree = "<group>";
		};
/* End PBXGroup section */

/* Begin PBXNativeTarget section */
		9A50490F1F12D4A8006D9C75 /* parties-map */ = {
			isa = PBXNativeTarget;
			buildConfigurationList = 9A5049221F12D4A8006D9C75 /* Build configuration list for PBXNativeTarget "parties-map" */;
			buildPhases = (
				8CAC5BBCAE992E6DE2B43EA6 /* [CP] Check Pods Manifest.lock */,
				9A50490C1F12D4A8006D9C75 /* Sources */,
				9A50490D1F12D4A8006D9C75 /* Frameworks */,
				9A50490E1F12D4A8006D9C75 /* Resources */,
				9B9292FC027881E8517E9549 /* [CP] Embed Pods Frameworks */,
				650279D37C038BB7EF3A700B /* [CP] Copy Pods Resources */,
			);
			buildRules = (
			);
			dependencies = (
			);
			name = "parties-map";
			productName = "parties-map";
			productReference = 9A5049101F12D4A8006D9C75 /* parties-map.app */;
			productType = "com.apple.product-type.application";
		};
/* End PBXNativeTarget section */

/* Begin PBXProject section */
		9A5049081F12D4A8006D9C75 /* Project object */ = {
			isa = PBXProject;
			attributes = {
				LastSwiftUpdateCheck = 0830;
				LastUpgradeCheck = 0830;
				ORGANIZATIONNAME = Jentix;
				TargetAttributes = {
					9A50490F1F12D4A8006D9C75 = {
						CreatedOnToolsVersion = 8.3.3;
						DevelopmentTeam = WDB65XM59J;
						ProvisioningStyle = Automatic;
					};
				};
			};
			buildConfigurationList = 9A50490B1F12D4A8006D9C75 /* Build configuration list for PBXProject "parties-map" */;
			compatibilityVersion = "Xcode 3.2";
			developmentRegion = English;
			hasScannedForEncodings = 0;
			knownRegions = (
				en,
				Base,
			);
			mainGroup = 9A5049071F12D4A8006D9C75;
			productRefGroup = 9A5049111F12D4A8006D9C75 /* Products */;
			projectDirPath = "";
			projectRoot = "";
			targets = (
				9A50490F1F12D4A8006D9C75 /* parties-map */,
			);
		};
/* End PBXProject section */

/* Begin PBXResourcesBuildPhase section */
		9A50490E1F12D4A8006D9C75 /* Resources */ = {
			isa = PBXResourcesBuildPhase;
			buildActionMask = 2147483647;
			files = (
				9A50491E1F12D4A8006D9C75 /* LaunchScreen.storyboard in Resources */,
				9A50491B1F12D4A8006D9C75 /* Assets.xcassets in Resources */,
				9A5049191F12D4A8006D9C75 /* Main.storyboard in Resources */,
			);
			runOnlyForDeploymentPostprocessing = 0;
		};
/* End PBXResourcesBuildPhase section */

/* Begin PBXShellScriptBuildPhase section */
		650279D37C038BB7EF3A700B /* [CP] Copy Pods Resources */ = {
			isa = PBXShellScriptBuildPhase;
			buildActionMask = 2147483647;
			files = (
			);
			inputPaths = (
			);
			name = "[CP] Copy Pods Resources";
			outputPaths = (
			);
			runOnlyForDeploymentPostprocessing = 0;
			shellPath = /bin/sh;
			shellScript = "\"${SRCROOT}/Pods/Target Support Files/Pods-parties-map/Pods-parties-map-resources.sh\"\n";
			showEnvVarsInLog = 0;
		};
		8CAC5BBCAE992E6DE2B43EA6 /* [CP] Check Pods Manifest.lock */ = {
			isa = PBXShellScriptBuildPhase;
			buildActionMask = 2147483647;
			files = (
			);
			inputPaths = (
				"${PODS_PODFILE_DIR_PATH}/Podfile.lock",
				"${PODS_ROOT}/Manifest.lock",
			);
			name = "[CP] Check Pods Manifest.lock";
			outputPaths = (
				"$(DERIVED_FILE_DIR)/Pods-parties-map-checkManifestLockResult.txt",
			);
			runOnlyForDeploymentPostprocessing = 0;
			shellPath = /bin/sh;
			shellScript = "diff \"${PODS_PODFILE_DIR_PATH}/Podfile.lock\" \"${PODS_ROOT}/Manifest.lock\" > /dev/null\nif [ $? != 0 ] ; then\n    # print error to STDERR\n    echo \"error: The sandbox is not in sync with the Podfile.lock. Run 'pod install' or update your CocoaPods installation.\" >&2\n    exit 1\nfi\n# This output is used by Xcode 'outputs' to avoid re-running this script phase.\necho \"SUCCESS\" > \"${SCRIPT_OUTPUT_FILE_0}\"\n";
			showEnvVarsInLog = 0;
		};
		9B9292FC027881E8517E9549 /* [CP] Embed Pods Frameworks */ = {
			isa = PBXShellScriptBuildPhase;
			buildActionMask = 2147483647;
			files = (
			);
			inputPaths = (
				"${SRCROOT}/Pods/Target Support Files/Pods-parties-map/Pods-parties-map-frameworks.sh",
				"${BUILT_PRODUCTS_DIR}/Alamofire/Alamofire.framework",
				"${BUILT_PRODUCTS_DIR}/Realm/Realm.framework",
				"${BUILT_PRODUCTS_DIR}/RealmSwift/RealmSwift.framework",
				"${BUILT_PRODUCTS_DIR}/SwiftyJSON/SwiftyJSON.framework",
			);
			name = "[CP] Embed Pods Frameworks";
			outputPaths = (
				"${TARGET_BUILD_DIR}/${FRAMEWORKS_FOLDER_PATH}/Alamofire.framework",
				"${TARGET_BUILD_DIR}/${FRAMEWORKS_FOLDER_PATH}/Realm.framework",
				"${TARGET_BUILD_DIR}/${FRAMEWORKS_FOLDER_PATH}/RealmSwift.framework",
				"${TARGET_BUILD_DIR}/${FRAMEWORKS_FOLDER_PATH}/SwiftyJSON.framework",
			);
			runOnlyForDeploymentPostprocessing = 0;
			shellPath = /bin/sh;
			shellScript = "\"${SRCROOT}/Pods/Target Support Files/Pods-parties-map/Pods-parties-map-frameworks.sh\"\n";
			showEnvVarsInLog = 0;
		};
/* End PBXShellScriptBuildPhase section */

/* Begin PBXSourcesBuildPhase section */
		9A50490C1F12D4A8006D9C75 /* Sources */ = {
			isa = PBXSourcesBuildPhase;
			buildActionMask = 2147483647;
			files = (
				9A5049161F12D4A8006D9C75 /* ViewController.swift in Sources */,
				9ABA5F091F17B26A00DA500E /* DataStore.swift in Sources */,
				9A5049141F12D4A8006D9C75 /* AppDelegate.swift in Sources */,
			);
			runOnlyForDeploymentPostprocessing = 0;
		};
/* End PBXSourcesBuildPhase section */

/* Begin PBXVariantGroup section */
		9A5049171F12D4A8006D9C75 /* Main.storyboard */ = {
			isa = PBXVariantGroup;
			children = (
				9A5049181F12D4A8006D9C75 /* Base */,
			);
			name = Main.storyboard;
			sourceTree = "<group>";
		};
		9A50491C1F12D4A8006D9C75 /* LaunchScreen.storyboard */ = {
			isa = PBXVariantGroup;
			children = (
				9A50491D1F12D4A8006D9C75 /* Base */,
			);
			name = LaunchScreen.storyboard;
			sourceTree = "<group>";
		};
/* End PBXVariantGroup section */

/* Begin XCBuildConfiguration section */
		9A5049201F12D4A8006D9C75 /* Debug */ = {
			isa = XCBuildConfiguration;
			buildSettings = {
				ALWAYS_SEARCH_USER_PATHS = NO;
				CLANG_ANALYZER_NONNULL = YES;
				CLANG_ANALYZER_NUMBER_OBJECT_CONVERSION = YES_AGGRESSIVE;
				CLANG_CXX_LANGUAGE_STANDARD = "gnu++0x";
				CLANG_CXX_LIBRARY = "libc++";
				CLANG_ENABLE_MODULES = YES;
				CLANG_ENABLE_OBJC_ARC = YES;
				CLANG_WARN_BOOL_CONVERSION = YES;
				CLANG_WARN_CONSTANT_CONVERSION = YES;
				CLANG_WARN_DIRECT_OBJC_ISA_USAGE = YES_ERROR;
				CLANG_WARN_DOCUMENTATION_COMMENTS = YES;
				CLANG_WARN_EMPTY_BODY = YES;
				CLANG_WARN_ENUM_CONVERSION = YES;
				CLANG_WARN_INFINITE_RECURSION = YES;
				CLANG_WARN_INT_CONVERSION = YES;
				CLANG_WARN_OBJC_ROOT_CLASS = YES_ERROR;
				CLANG_WARN_SUSPICIOUS_MOVE = YES;
				CLANG_WARN_UNREACHABLE_CODE = YES;
				CLANG_WARN__DUPLICATE_METHOD_MATCH = YES;
				"CODE_SIGN_IDENTITY[sdk=iphoneos*]" = "iPhone Developer";
				COPY_PHASE_STRIP = NO;
				DEBUG_INFORMATION_FORMAT = dwarf;
				ENABLE_STRICT_OBJC_MSGSEND = YES;
				ENABLE_TESTABILITY = YES;
				GCC_C_LANGUAGE_STANDARD = gnu99;
				GCC_DYNAMIC_NO_PIC = NO;
				GCC_NO_COMMON_BLOCKS = YES;
				GCC_OPTIMIZATION_LEVEL = 0;
				GCC_PREPROCESSOR_DEFINITIONS = (
					"DEBUG=1",
					"$(inherited)",
				);
				GCC_WARN_64_TO_32_BIT_CONVERSION = YES;
				GCC_WARN_ABOUT_RETURN_TYPE = YES_ERROR;
				GCC_WARN_UNDECLARED_SELECTOR = YES;
				GCC_WARN_UNINITIALIZED_AUTOS = YES_AGGRESSIVE;
				GCC_WARN_UNUSED_FUNCTION = YES;
				GCC_WARN_UNUSED_VARIABLE = YES;
				IPHONEOS_DEPLOYMENT_TARGET = 10.3;
				MTL_ENABLE_DEBUG_INFO = YES;
				ONLY_ACTIVE_ARCH = YES;
				SDKROOT = iphoneos;
				SWIFT_ACTIVE_COMPILATION_CONDITIONS = DEBUG;
				SWIFT_OPTIMIZATION_LEVEL = "-Onone";
			};
			name = Debug;
		};
		9A5049211F12D4A8006D9C75 /* Release */ = {
			isa = XCBuildConfiguration;
			buildSettings = {
				ALWAYS_SEARCH_USER_PATHS = NO;
				CLANG_ANALYZER_NONNULL = YES;
				CLANG_ANALYZER_NUMBER_OBJECT_CONVERSION = YES_AGGRESSIVE;
				CLANG_CXX_LANGUAGE_STANDARD = "gnu++0x";
				CLANG_CXX_LIBRARY = "libc++";
				CLANG_ENABLE_MODULES = YES;
				CLANG_ENABLE_OBJC_ARC = YES;
				CLANG_WARN_BOOL_CONVERSION = YES;
				CLANG_WARN_CONSTANT_CONVERSION = YES;
				CLANG_WARN_DIRECT_OBJC_ISA_USAGE = YES_ERROR;
				CLANG_WARN_DOCUMENTATION_COMMENTS = YES;
				CLANG_WARN_EMPTY_BODY = YES;
				CLANG_WARN_ENUM_CONVERSION = YES;
				CLANG_WARN_INFINITE_RECURSION = YES;
				CLANG_WARN_INT_CONVERSION = YES;
				CLANG_WARN_OBJC_ROOT_CLASS = YES_ERROR;
				CLANG_WARN_SUSPICIOUS_MOVE = YES;
				CLANG_WARN_UNREACHABLE_CODE = YES;
				CLANG_WARN__DUPLICATE_METHOD_MATCH = YES;
				"CODE_SIGN_IDENTITY[sdk=iphoneos*]" = "iPhone Developer";
				COPY_PHASE_STRIP = NO;
				DEBUG_INFORMATION_FORMAT = "dwarf-with-dsym";
				ENABLE_NS_ASSERTIONS = NO;
				ENABLE_STRICT_OBJC_MSGSEND = YES;
				GCC_C_LANGUAGE_STANDARD = gnu99;
				GCC_NO_COMMON_BLOCKS = YES;
				GCC_WARN_64_TO_32_BIT_CONVERSION = YES;
				GCC_WARN_ABOUT_RETURN_TYPE = YES_ERROR;
				GCC_WARN_UNDECLARED_SELECTOR = YES;
				GCC_WARN_UNINITIALIZED_AUTOS = YES_AGGRESSIVE;
				GCC_WARN_UNUSED_FUNCTION = YES;
				GCC_WARN_UNUSED_VARIABLE = YES;
				IPHONEOS_DEPLOYMENT_TARGET = 10.3;
				MTL_ENABLE_DEBUG_INFO = NO;
				SDKROOT = iphoneos;
				SWIFT_OPTIMIZATION_LEVEL = "-Owholemodule";
				VALIDATE_PRODUCT = YES;
			};
			name = Release;
		};
		9A5049231F12D4A8006D9C75 /* Debug */ = {
			isa = XCBuildConfiguration;
			baseConfigurationReference = A23854ACD1CA4C3C95AA1695 /* Pods-parties-map.debug.xcconfig */;
			buildSettings = {
				ASSETCATALOG_COMPILER_APPICON_NAME = AppIcon;
				DEVELOPMENT_TEAM = WDB65XM59J;
				INFOPLIST_FILE = "parties-map/Info.plist";
				LD_RUNPATH_SEARCH_PATHS = "$(inherited) @executable_path/Frameworks";
				PRODUCT_BUNDLE_IDENTIFIER = "com.jentix-caddim.parties-map";
				PRODUCT_NAME = "$(TARGET_NAME)";
				SWIFT_VERSION = 3.0;
			};
			name = Debug;
		};
		9A5049241F12D4A8006D9C75 /* Release */ = {
			isa = XCBuildConfiguration;
			baseConfigurationReference = DC1C4512B79BF75853EC3CEB /* Pods-parties-map.release.xcconfig */;
			buildSettings = {
				ASSETCATALOG_COMPILER_APPICON_NAME = AppIcon;
				DEVELOPMENT_TEAM = WDB65XM59J;
				INFOPLIST_FILE = "parties-map/Info.plist";
				LD_RUNPATH_SEARCH_PATHS = "$(inherited) @executable_path/Frameworks";
				PRODUCT_BUNDLE_IDENTIFIER = "com.jentix-caddim.parties-map";
				PRODUCT_NAME = "$(TARGET_NAME)";
				SWIFT_VERSION = 3.0;
			};
			name = Release;
		};
/* End XCBuildConfiguration section */

/* Begin XCConfigurationList section */
		9A50490B1F12D4A8006D9C75 /* Build configuration list for PBXProject "parties-map" */ = {
			isa = XCConfigurationList;
			buildConfigurations = (
				9A5049201F12D4A8006D9C75 /* Debug */,
				9A5049211F12D4A8006D9C75 /* Release */,
			);
			defaultConfigurationIsVisible = 0;
			defaultConfigurationName = Release;
		};
		9A5049221F12D4A8006D9C75 /* Build configuration list for PBXNativeTarget "parties-map" */ = {
			isa = XCConfigurationList;
			buildConfigurations = (
				9A5049231F12D4A8006D9C75 /* Debug */,
				9A5049241F12D4A8006D9C75 /* Release */,
			);
			defaultConfigurationIsVisible = 0;
			defaultConfigurationName = Release;
		};
/* End XCConfigurationList section */
	};
	rootObject = 9A5049081F12D4A8006D9C75 /* Project object */;
}
